{
  "name": "hello-test",
  "version": "1.0.0",
  "lockfileVersion": 1,
  "requires": true,
  "dependencies": {
    "test-library": {
      "version": "1.0.5",
      "resolved": "/Users/tianleh/workspace/test-library/tianleh-test-library-1.0.5.tgz",
      "integrity": "sha512-UJftKm//SkfivFHtg25vD4McSL0aFh7W11BzLrGeX6LX/kB2Qbq7QpVzeKydK71vET481fLZrJfPbSq7E1fOeQ=="
    }
  }
}
